
Microsoft Visual Studio Solution File, Format Version 12.00
# Visual Studio Version 16
VisualStudioVersion = 16.0.31702.278
MinimumVisualStudioVersion = 10.0.40219.1
Project("{FAE04EC0-301F-11D3-BF4B-00C04F79EFBC}") = "firmadigital.Android", "firmadigital\firmadigital.Android\firmadigital.Android.csproj", "{3F5AF385-7AA9-4D70-BA93-7DE13E47D08C}"
EndProject
Project("{FAE04EC0-301F-11D3-BF4B-00C04F79EFBC}") = "firmadigital", "firmadigital\firmadigital\firmadigital.csproj", "{08C8C700-8DEE-4E15-87AA-5D8AA2444EA2}"
EndProject
Global
	GlobalSection(SolutionConfigurationPlatforms) = preSolution
		Debug|Any CPU = Debug|Any CPU
		Release|Any CPU = Release|Any CPU
	EndGlobalSection
	GlobalSection(ProjectConfigurationPlatforms) = postSolution
		{3F5AF385-7AA9-4D70-BA93-7DE13E47D08C}.Debug|Any CPU.ActiveCfg = Debug|Any CPU
		{3F5AF385-7AA9-4D70-BA93-7DE13E47D08C}.Debug|Any CPU.Build.0 = Debug|Any CPU
		{3F5AF385-7AA9-4D70-BA93-7DE13E47D08C}.Debug|Any CPU.Deploy.0 = Debug|Any CPU
		{3F5AF385-7AA9-4D70-BA93-7DE13E47D08C}.Release|Any CPU.ActiveCfg = Release|Any CPU
		{3F5AF385-7AA9-4D70-BA93-7DE13E47D08C}.Release|Any CPU.Build.0 = Release|Any CPU
		{3F5AF385-7AA9-4D70-BA93-7DE13E47D08C}.Release|Any CPU.Deploy.0 = Release|Any CPU
		{08C8C700-8DEE-4E15-87AA-5D8AA2444EA2}.Debug|Any CPU.ActiveCfg = Debug|Any CPU
		{08C8C700-8DEE-4E15-87AA-5D8AA2444EA2}.Debug|Any CPU.Build.0 = Debug|Any CPU
		{08C8C700-8DEE-4E15-87AA-5D8AA2444EA2}.Debug|Any CPU.Deploy.0 = Debug|Any CPU
		{08C8C700-8DEE-4E15-87AA-5D8AA2444EA2}.Release|Any CPU.ActiveCfg = Release|Any CPU
		{08C8C700-8DEE-4E15-87AA-5D8AA2444EA2}.Release|Any CPU.Build.0 = Release|Any CPU
		{08C8C700-8DEE-4E15-87AA-5D8AA2444EA2}.Release|Any CPU.Deploy.0 = Release|Any CPU
	EndGlobalSection
	GlobalSection(SolutionProperties) = preSolution
		HideSolutionNode = FALSE
	EndGlobalSection
	GlobalSection(ExtensibilityGlobals) = postSolution
		SolutionGuid = {23AE2823-F5D2-4BED-A08F-FE5F8957EE72}
	EndGlobalSection
EndGlobal
